
Microsoft Visual Studio Solution File, Format Version 12.00
# Visual Studio Version 16
VisualStudioVersion = 16.0.30907.101
MinimumVisualStudioVersion = 10.0.40219.1
Project("{FAE04EC0-301F-11D3-BF4B-00C04F79EFBC}") = "WebApplication10", "WebApplication10\WebApplication10.csproj", "{D9B9836B-39D6-43B9-889E-4AD96B0B5602}"
EndProject
Global
	GlobalSection(SolutionConfigurationPlatforms) = preSolution
		Debug|Any CPU = Debug|Any CPU
		Release|Any CPU = Release|Any CPU
	EndGlobalSection
	GlobalSection(ProjectConfigurationPlatforms) = postSolution
		{D9B9836B-39D6-43B9-889E-4AD96B0B5602}.Debug|Any CPU.ActiveCfg = Debug|Any CPU
		{D9B9836B-39D6-43B9-889E-4AD96B0B5602}.Debug|Any CPU.Build.0 = Debug|Any CPU
		{D9B9836B-39D6-43B9-889E-4AD96B0B5602}.Release|Any CPU.ActiveCfg = Release|Any CPU
		{D9B9836B-39D6-43B9-889E-4AD96B0B5602}.Release|Any CPU.Build.0 = Release|Any CPU
	EndGlobalSection
	GlobalSection(SolutionProperties) = preSolution
		HideSolutionNode = FALSE
	EndGlobalSection
	GlobalSection(ExtensibilityGlobals) = postSolution
		SolutionGuid = {38F3C372-8F4C-443A-B724-E71C28453028}
	EndGlobalSection
EndGlobal
